
Microsoft Visual Studio Solution File, Format Version 12.00
# Visual Studio Version 16
VisualStudioVersion = 16.0.29613.14
MinimumVisualStudioVersion = 10.0.40219.1
Project("{FAE04EC0-301F-11D3-BF4B-00C04F79EFBC}") = "CsvParser", "CsvParser\CsvParser.csproj", "{703738C6-45D2-4CBD-8E24-9769F6710B26}"
EndProject
Project("{FAE04EC0-301F-11D3-BF4B-00C04F79EFBC}") = "WindowsFormsApp1", "WindowsFormsApp1\WindowsFormsApp1.csproj", "{7669EB54-C81F-4D55-AFDC-8C9B111F0DF0}"
EndProject
Project("{FAE04EC0-301F-11D3-BF4B-00C04F79EFBC}") = "OverwatchLibrary", "OverwatchLibrary\OverwatchLibrary.csproj", "{032FD2E3-08B7-47BD-84F4-579FB5F2BBF9}"
EndProject
Global
	GlobalSection(SolutionConfigurationPlatforms) = preSolution
		Debug|Any CPU = Debug|Any CPU
		Release|Any CPU = Release|Any CPU
	EndGlobalSection
	GlobalSection(ProjectConfigurationPlatforms) = postSolution
		{703738C6-45D2-4CBD-8E24-9769F6710B26}.Debug|Any CPU.ActiveCfg = Debug|Any CPU
		{703738C6-45D2-4CBD-8E24-9769F6710B26}.Debug|Any CPU.Build.0 = Debug|Any CPU
		{703738C6-45D2-4CBD-8E24-9769F6710B26}.Release|Any CPU.ActiveCfg = Release|Any CPU
		{703738C6-45D2-4CBD-8E24-9769F6710B26}.Release|Any CPU.Build.0 = Release|Any CPU
		{7669EB54-C81F-4D55-AFDC-8C9B111F0DF0}.Debug|Any CPU.ActiveCfg = Debug|Any CPU
		{7669EB54-C81F-4D55-AFDC-8C9B111F0DF0}.Debug|Any CPU.Build.0 = Debug|Any CPU
		{7669EB54-C81F-4D55-AFDC-8C9B111F0DF0}.Release|Any CPU.ActiveCfg = Release|Any CPU
		{7669EB54-C81F-4D55-AFDC-8C9B111F0DF0}.Release|Any CPU.Build.0 = Release|Any CPU
		{032FD2E3-08B7-47BD-84F4-579FB5F2BBF9}.Debug|Any CPU.ActiveCfg = Debug|Any CPU
		{032FD2E3-08B7-47BD-84F4-579FB5F2BBF9}.Debug|Any CPU.Build.0 = Debug|Any CPU
		{032FD2E3-08B7-47BD-84F4-579FB5F2BBF9}.Release|Any CPU.ActiveCfg = Release|Any CPU
		{032FD2E3-08B7-47BD-84F4-579FB5F2BBF9}.Release|Any CPU.Build.0 = Release|Any CPU
	EndGlobalSection
	GlobalSection(SolutionProperties) = preSolution
		HideSolutionNode = FALSE
	EndGlobalSection
	GlobalSection(ExtensibilityGlobals) = postSolution
		SolutionGuid = {30C8E81F-EDD1-462A-9C29-8CA1ACADEE5B}
	EndGlobalSection
EndGlobal
